
Microsoft Visual Studio Solution File, Format Version 12.00
# Visual Studio Version 16
VisualStudioVersion = 16.0.31515.178
MinimumVisualStudioVersion = 10.0.40219.1
Project("{FAE04EC0-301F-11D3-BF4B-00C04F79EFBC}") = "Test Server", "Test Server\Test Server.csproj", "{5E6E97DF-F372-4F71-8B21-33B6A4A94BCE}"
EndProject
Project("{FAE04EC0-301F-11D3-BF4B-00C04F79EFBC}") = "Test Client", "Test Client\Test Client.csproj", "{54719E60-7B99-4C24-A0B3-75A3D14E7285}"
EndProject
Project("{FAE04EC0-301F-11D3-BF4B-00C04F79EFBC}") = "NetworkUtilCS", "NetworkUtilCS\NetworkUtilCS.csproj", "{8B5DB8A1-81B0-4D8F-BCF6-6898505567AA}"
EndProject
Project("{2150E333-8FDC-42A3-9474-1A3956D46DE8}") = "Solution Items", "Solution Items", "{249DC7F3-4272-48D7-9952-0D9691CA6D40}"
	ProjectSection(SolutionItems) = preProject
		.gitignore = .gitignore
	EndProjectSection
EndProject
Global
	GlobalSection(SolutionConfigurationPlatforms) = preSolution
		Debug|Any CPU = Debug|Any CPU
		Release|Any CPU = Release|Any CPU
	EndGlobalSection
	GlobalSection(ProjectConfigurationPlatforms) = postSolution
		{5E6E97DF-F372-4F71-8B21-33B6A4A94BCE}.Debug|Any CPU.ActiveCfg = Debug|Any CPU
		{5E6E97DF-F372-4F71-8B21-33B6A4A94BCE}.Debug|Any CPU.Build.0 = Debug|Any CPU
		{5E6E97DF-F372-4F71-8B21-33B6A4A94BCE}.Release|Any CPU.ActiveCfg = Release|Any CPU
		{5E6E97DF-F372-4F71-8B21-33B6A4A94BCE}.Release|Any CPU.Build.0 = Release|Any CPU
		{54719E60-7B99-4C24-A0B3-75A3D14E7285}.Debug|Any CPU.ActiveCfg = Debug|Any CPU
		{54719E60-7B99-4C24-A0B3-75A3D14E7285}.Debug|Any CPU.Build.0 = Debug|Any CPU
		{54719E60-7B99-4C24-A0B3-75A3D14E7285}.Release|Any CPU.ActiveCfg = Release|Any CPU
		{54719E60-7B99-4C24-A0B3-75A3D14E7285}.Release|Any CPU.Build.0 = Release|Any CPU
		{8B5DB8A1-81B0-4D8F-BCF6-6898505567AA}.Debug|Any CPU.ActiveCfg = Debug|Any CPU
		{8B5DB8A1-81B0-4D8F-BCF6-6898505567AA}.Debug|Any CPU.Build.0 = Debug|Any CPU
		{8B5DB8A1-81B0-4D8F-BCF6-6898505567AA}.Release|Any CPU.ActiveCfg = Release|Any CPU
		{8B5DB8A1-81B0-4D8F-BCF6-6898505567AA}.Release|Any CPU.Build.0 = Release|Any CPU
	EndGlobalSection
	GlobalSection(SolutionProperties) = preSolution
		HideSolutionNode = FALSE
	EndGlobalSection
	GlobalSection(ExtensibilityGlobals) = postSolution
		SolutionGuid = {BFF025B0-4C16-46AF-B530-880498565DA4}
	EndGlobalSection
EndGlobal
